<?xml version="1.0" encoding="utf-8"?>
<Project ToolsVersion="4.0" xmlns="http://schemas.microsoft.com/developer/msbuild/2003">
  <ItemGroup>
    <Filter Include="소스 파일">
      <UniqueIdentifier>{4FC737F1-C7A5-4376-A066-2A32D752A2FF}</UniqueIdentifier>
      <Extensions>cpp;c;cc;cxx;def;odl;idl;hpj;bat;asm;asmx</Extensions>
    </Filter>
    <Filter Include="헤더 파일">
      <UniqueIdentifier>{93995380-89BD-4b04-88EB-625FBE52EBFB}</UniqueIdentifier>
      <Extensions>h;hh;hpp;hxx;hm;inl;inc;ipp;xsd</Extensions>
    </Filter>
    <Filter Include="리소스 파일">
      <UniqueIdentifier>{67DA6AB6-F800-4c08-8B7A-83BB121AAD01}</UniqueIdentifier>
      <Extensions>rc;ico;cur;bmp;dlg;rc2;rct;bin;rgs;gif;jpg;jpeg;jpe;resx;tiff;tif;png;wav;mfcribbon-ms</Extensions>
    </Filter>
    <Filter Include="소스 파일\ex">
      <UniqueIdentifier>{b3799c97-c41c-45d8-a3c3-1b50526a6713}</UniqueIdentifier>
    </Filter>
    <Filter Include="소스 파일\ex\1.TCPServer">
      <UniqueIdentifier>{8611077c-af07-46eb-837d-8ecab6c9410e}</UniqueIdentifier>
    </Filter>
    <Filter Include="소스 파일\ex\2.Thread">
      <UniqueIdentifier>{f83675e8-6a07-47c8-8646-35825fc39226}</UniqueIdentifier>
    </Filter>
    <Filter Include="소스 파일\ex\3.SocketOption">
      <UniqueIdentifier>{3de27f6e-f705-4842-b8eb-5b1651488efc}</UniqueIdentifier>
    </Filter>
    <Filter Include="소스 파일\ex\4.UDPServer">
      <UniqueIdentifier>{316d885c-e3ab-4ea8-bdb9-c5f611b4f7c8}</UniqueIdentifier>
    </Filter>
    <Filter Include="소스 파일\ex\5.SocketModel">
      <UniqueIdentifier>{dcf4db16-3faa-482b-9bd9-e9478181509b}</UniqueIdentifier>
    </Filter>
  </ItemGroup>
  <ItemGroup>
    <ClCompile Include="server.cpp">
      <Filter>소스 파일</Filter>
    </ClCompile>
    <ClCompile Include="1.socket.cpp">
      <Filter>소스 파일\ex\1.TCPServer</Filter>
    </ClCompile>
    <ClCompile Include="2.socket.cpp">
      <Filter>소스 파일\ex\1.TCPServer</Filter>
    </ClCompile>
    <ClCompile Include="3.ByteOrder.cpp">
      <Filter>소스 파일\ex\1.TCPServer</Filter>
    </ClCompile>
    <ClCompile Include="4.IPAddr.cpp">
      <Filter>소스 파일\ex\1.TCPServer</Filter>
    </ClCompile>
    <ClCompile Include="5.NameResolution.cpp">
      <Filter>소스 파일\ex\1.TCPServer</Filter>
    </ClCompile>
    <ClCompile Include="6.TCPServer.cpp">
      <Filter>소스 파일\ex\1.TCPServer</Filter>
    </ClCompile>
    <ClCompile Include="7.TCPServer6.cpp">
      <Filter>소스 파일\ex\1.TCPServer</Filter>
    </ClCompile>
    <ClCompile Include="8.TCPServer_Fixed.cpp">
      <Filter>소스 파일\ex\1.TCPServer</Filter>
    </ClCompile>
    <ClCompile Include="9.TCPServer_Variable.cpp">
      <Filter>소스 파일\ex\1.TCPServer</Filter>
    </ClCompile>
    <ClCompile Include="10.TCPServer_FixedVariable.cpp">
      <Filter>소스 파일\ex\1.TCPServer</Filter>
    </ClCompile>
    <ClCompile Include="11.TCPServer_Chat.cpp">
      <Filter>소스 파일\ex\1.TCPServer</Filter>
    </ClCompile>
    <ClCompile Include="12.ExThread1.cpp">
      <Filter>소스 파일\ex\2.Thread</Filter>
    </ClCompile>
    <ClCompile Include="13.ExThread2.cpp">
      <Filter>소스 파일\ex\2.Thread</Filter>
    </ClCompile>
    <ClCompile Include="14.ExThread3.cpp">
      <Filter>소스 파일\ex\2.Thread</Filter>
    </ClCompile>
    <ClCompile Include="15.MultithreadTCPServer.cpp">
      <Filter>소스 파일\ex\2.Thread</Filter>
    </ClCompile>
    <ClCompile Include="16.ExCriticalSection.cpp">
      <Filter>소스 파일\ex\2.Thread</Filter>
    </ClCompile>
    <ClCompile Include="17.ExEvent.cpp">
      <Filter>소스 파일\ex\2.Thread</Filter>
    </ClCompile>
    <ClCompile Include="18.UDPServer.cpp">
      <Filter>소스 파일\ex\4.UDPServer</Filter>
    </ClCompile>
    <ClCompile Include="21.MulticastSender.cpp">
      <Filter>소스 파일\ex\4.UDPServer</Filter>
    </ClCompile>
    <ClCompile Include="20.BroadcastSender.cpp">
      <Filter>소스 파일\ex\4.UDPServer</Filter>
    </ClCompile>
    <ClCompile Include="22.buffer.cpp">
      <Filter>소스 파일\ex\3.SocketOption</Filter>
    </ClCompile>
    <ClCompile Include="23.NonblockTCPServer.cpp">
      <Filter>소스 파일\ex\5.SocketModel</Filter>
    </ClCompile>
    <ClCompile Include="24.SelectTCPServer.cpp">
      <Filter>소스 파일\ex\5.SocketModel</Filter>
    </ClCompile>
    <ClCompile Include="25.AsyncSelectTCPServer.cpp">
      <Filter>소스 파일\ex\5.SocketModel</Filter>
    </ClCompile>
    <ClCompile Include="26.EventSelectTCPServer.cpp">
      <Filter>소스 파일\ex\5.SocketModel</Filter>
    </ClCompile>
  </ItemGroup>
</Project>